
Microsoft Visual Studio Solution File, Format Version 12.00
# Visual Studio Version 17
VisualStudioVersion = 17.11.35312.102
MinimumVisualStudioVersion = 10.0.40219.1
Project("{FAE04EC0-301F-11D3-BF4B-00C04F79EFBC}") = "BAI 1 TRANG 40", "BAI 1 TRANG 40.csproj", "{FCC771BC-20C4-4F5A-B8BF-7706C1D671E3}"
EndProject
Global
	GlobalSection(SolutionConfigurationPlatforms) = preSolution
		Debug|Any CPU = Debug|Any CPU
		Release|Any CPU = Release|Any CPU
	EndGlobalSection
	GlobalSection(ProjectConfigurationPlatforms) = postSolution
		{FCC771BC-20C4-4F5A-B8BF-7706C1D671E3}.Debug|Any CPU.ActiveCfg = Debug|Any CPU
		{FCC771BC-20C4-4F5A-B8BF-7706C1D671E3}.Debug|Any CPU.Build.0 = Debug|Any CPU
		{FCC771BC-20C4-4F5A-B8BF-7706C1D671E3}.Release|Any CPU.ActiveCfg = Release|Any CPU
		{FCC771BC-20C4-4F5A-B8BF-7706C1D671E3}.Release|Any CPU.Build.0 = Release|Any CPU
	EndGlobalSection
	GlobalSection(SolutionProperties) = preSolution
		HideSolutionNode = FALSE
	EndGlobalSection
	GlobalSection(ExtensibilityGlobals) = postSolution
		SolutionGuid = {2E29D9B2-A9B7-4805-9822-4CF8320D229A}
	EndGlobalSection
EndGlobal
