
Microsoft Visual Studio Solution File, Format Version 12.00
# Visual Studio Version 17
VisualStudioVersion = 17.11.35312.102
MinimumVisualStudioVersion = 10.0.40219.1
Project("{FAE04EC0-301F-11D3-BF4B-00C04F79EFBC}") = "BÀI 1_FORM", "BÀI 1_FORM.csproj", "{B2761A8D-A4A9-4EAD-8764-915161B58C5F}"
EndProject
Global
	GlobalSection(SolutionConfigurationPlatforms) = preSolution
		Debug|Any CPU = Debug|Any CPU
		Release|Any CPU = Release|Any CPU
	EndGlobalSection
	GlobalSection(ProjectConfigurationPlatforms) = postSolution
		{B2761A8D-A4A9-4EAD-8764-915161B58C5F}.Debug|Any CPU.ActiveCfg = Debug|Any CPU
		{B2761A8D-A4A9-4EAD-8764-915161B58C5F}.Debug|Any CPU.Build.0 = Debug|Any CPU
		{B2761A8D-A4A9-4EAD-8764-915161B58C5F}.Release|Any CPU.ActiveCfg = Release|Any CPU
		{B2761A8D-A4A9-4EAD-8764-915161B58C5F}.Release|Any CPU.Build.0 = Release|Any CPU
	EndGlobalSection
	GlobalSection(SolutionProperties) = preSolution
		HideSolutionNode = FALSE
	EndGlobalSection
	GlobalSection(ExtensibilityGlobals) = postSolution
		SolutionGuid = {45803193-95B9-4B08-B099-623E48693F06}
	EndGlobalSection
EndGlobal
