
Microsoft Visual Studio Solution File, Format Version 12.00
# Visual Studio Version 17
VisualStudioVersion = 17.11.35222.181
MinimumVisualStudioVersion = 10.0.40219.1
Project("{FAE04EC0-301F-11D3-BF4B-00C04F79EFBC}") = "bai1", "bai1.csproj", "{C8F9644C-6462-49A3-B3AC-CE90B9E0A4CB}"
EndProject
Global
	GlobalSection(SolutionConfigurationPlatforms) = preSolution
		Debug|Any CPU = Debug|Any CPU
		Release|Any CPU = Release|Any CPU
	EndGlobalSection
	GlobalSection(ProjectConfigurationPlatforms) = postSolution
		{C8F9644C-6462-49A3-B3AC-CE90B9E0A4CB}.Debug|Any CPU.ActiveCfg = Debug|Any CPU
		{C8F9644C-6462-49A3-B3AC-CE90B9E0A4CB}.Debug|Any CPU.Build.0 = Debug|Any CPU
		{C8F9644C-6462-49A3-B3AC-CE90B9E0A4CB}.Release|Any CPU.ActiveCfg = Release|Any CPU
		{C8F9644C-6462-49A3-B3AC-CE90B9E0A4CB}.Release|Any CPU.Build.0 = Release|Any CPU
	EndGlobalSection
	GlobalSection(SolutionProperties) = preSolution
		HideSolutionNode = FALSE
	EndGlobalSection
	GlobalSection(ExtensibilityGlobals) = postSolution
		SolutionGuid = {4199093E-CBB6-4A4A-B353-3377FE11E03B}
	EndGlobalSection
EndGlobal
