
Microsoft Visual Studio Solution File, Format Version 12.00
# Visual Studio Version 17
VisualStudioVersion = 17.11.35312.102
MinimumVisualStudioVersion = 10.0.40219.1
Project("{FAE04EC0-301F-11D3-BF4B-00C04F79EFBC}") = "BAI 3", "BAI 3.csproj", "{BB56B218-A914-4D88-B3D0-7DFF9C3F65EB}"
EndProject
Global
	GlobalSection(SolutionConfigurationPlatforms) = preSolution
		Debug|Any CPU = Debug|Any CPU
		Release|Any CPU = Release|Any CPU
	EndGlobalSection
	GlobalSection(ProjectConfigurationPlatforms) = postSolution
		{BB56B218-A914-4D88-B3D0-7DFF9C3F65EB}.Debug|Any CPU.ActiveCfg = Debug|Any CPU
		{BB56B218-A914-4D88-B3D0-7DFF9C3F65EB}.Debug|Any CPU.Build.0 = Debug|Any CPU
		{BB56B218-A914-4D88-B3D0-7DFF9C3F65EB}.Release|Any CPU.ActiveCfg = Release|Any CPU
		{BB56B218-A914-4D88-B3D0-7DFF9C3F65EB}.Release|Any CPU.Build.0 = Release|Any CPU
	EndGlobalSection
	GlobalSection(SolutionProperties) = preSolution
		HideSolutionNode = FALSE
	EndGlobalSection
	GlobalSection(ExtensibilityGlobals) = postSolution
		SolutionGuid = {85F34063-6F06-4FDB-BA9E-28E17CCCF99C}
	EndGlobalSection
EndGlobal
