
Microsoft Visual Studio Solution File, Format Version 12.00
# Visual Studio Version 17
VisualStudioVersion = 17.11.35312.102
MinimumVisualStudioVersion = 10.0.40219.1
Project("{FAE04EC0-301F-11D3-BF4B-00C04F79EFBC}") = "BAI5_TRANG45", "BAI5_TRANG45.csproj", "{FAB296E8-BD8D-43FA-9C9B-B089F706884D}"
EndProject
Global
	GlobalSection(SolutionConfigurationPlatforms) = preSolution
		Debug|Any CPU = Debug|Any CPU
		Release|Any CPU = Release|Any CPU
	EndGlobalSection
	GlobalSection(ProjectConfigurationPlatforms) = postSolution
		{FAB296E8-BD8D-43FA-9C9B-B089F706884D}.Debug|Any CPU.ActiveCfg = Debug|Any CPU
		{FAB296E8-BD8D-43FA-9C9B-B089F706884D}.Debug|Any CPU.Build.0 = Debug|Any CPU
		{FAB296E8-BD8D-43FA-9C9B-B089F706884D}.Release|Any CPU.ActiveCfg = Release|Any CPU
		{FAB296E8-BD8D-43FA-9C9B-B089F706884D}.Release|Any CPU.Build.0 = Release|Any CPU
	EndGlobalSection
	GlobalSection(SolutionProperties) = preSolution
		HideSolutionNode = FALSE
	EndGlobalSection
	GlobalSection(ExtensibilityGlobals) = postSolution
		SolutionGuid = {2F6B4FEF-014F-48E9-ACC8-5F727F73B6E3}
	EndGlobalSection
EndGlobal
