
Microsoft Visual Studio Solution File, Format Version 12.00
# Visual Studio Version 17
VisualStudioVersion = 17.11.35303.130
MinimumVisualStudioVersion = 10.0.40219.1
Project("{FAE04EC0-301F-11D3-BF4B-00C04F79EFBC}") = "bai1th2windowform", "bai1th2windowform.csproj", "{B717E1BF-D1E9-4C2F-8BD7-E9148D1F9D91}"
EndProject
Global
	GlobalSection(SolutionConfigurationPlatforms) = preSolution
		Debug|Any CPU = Debug|Any CPU
		Release|Any CPU = Release|Any CPU
	EndGlobalSection
	GlobalSection(ProjectConfigurationPlatforms) = postSolution
		{B717E1BF-D1E9-4C2F-8BD7-E9148D1F9D91}.Debug|Any CPU.ActiveCfg = Debug|Any CPU
		{B717E1BF-D1E9-4C2F-8BD7-E9148D1F9D91}.Debug|Any CPU.Build.0 = Debug|Any CPU
		{B717E1BF-D1E9-4C2F-8BD7-E9148D1F9D91}.Release|Any CPU.ActiveCfg = Release|Any CPU
		{B717E1BF-D1E9-4C2F-8BD7-E9148D1F9D91}.Release|Any CPU.Build.0 = Release|Any CPU
	EndGlobalSection
	GlobalSection(SolutionProperties) = preSolution
		HideSolutionNode = FALSE
	EndGlobalSection
	GlobalSection(ExtensibilityGlobals) = postSolution
		SolutionGuid = {46DABECC-BC27-4E04-8CB7-1704ED0EE818}
	EndGlobalSection
EndGlobal
